
Microsoft Visual Studio Solution File, Format Version 12.00
# Visual Studio Version 17
VisualStudioVersion = 17.0.31903.59
MinimumVisualStudioVersion = 10.0.40219.1
Project("{FAE04EC0-301F-11D3-BF4B-00C04F79EFBC}") = "WebApp", "WebApp\WebApp.csproj", "{7C827FBA-3D84-4DB6-8D2E-18190EC6EECF}"
EndProject
Project("{FAE04EC0-301F-11D3-BF4B-00C04F79EFBC}") = "Tests", "Tests\Tests.csproj", "{58B3CD04-EB91-4C02-8B49-5E6E546D6B34}"
EndProject
Global
	GlobalSection(SolutionConfigurationPlatforms) = preSolution
		Debug|Any CPU = Debug|Any CPU
		Release|Any CPU = Release|Any CPU
	EndGlobalSection
	GlobalSection(SolutionProperties) = preSolution
		HideSolutionNode = FALSE
	EndGlobalSection
	GlobalSection(ProjectConfigurationPlatforms) = postSolution
		{7C827FBA-3D84-4DB6-8D2E-18190EC6EECF}.Debug|Any CPU.ActiveCfg = Debug|Any CPU
		{7C827FBA-3D84-4DB6-8D2E-18190EC6EECF}.Debug|Any CPU.Build.0 = Debug|Any CPU
		{7C827FBA-3D84-4DB6-8D2E-18190EC6EECF}.Release|Any CPU.ActiveCfg = Release|Any CPU
		{7C827FBA-3D84-4DB6-8D2E-18190EC6EECF}.Release|Any CPU.Build.0 = Release|Any CPU
		{58B3CD04-EB91-4C02-8B49-5E6E546D6B34}.Debug|Any CPU.ActiveCfg = Debug|Any CPU
		{58B3CD04-EB91-4C02-8B49-5E6E546D6B34}.Debug|Any CPU.Build.0 = Debug|Any CPU
		{58B3CD04-EB91-4C02-8B49-5E6E546D6B34}.Release|Any CPU.ActiveCfg = Release|Any CPU
		{58B3CD04-EB91-4C02-8B49-5E6E546D6B34}.Release|Any CPU.Build.0 = Release|Any CPU
	EndGlobalSection
EndGlobal
